
Microsoft Visual Studio Solution File, Format Version 12.00
# Visual Studio Version 16
VisualStudioVersion = 16.0.32106.194
MinimumVisualStudioVersion = 10.0.40219.1
Project("{2150E333-8FDC-42A3-9474-1A3956D46DE8}") = "ForumCustom.DAL", "ForumCustom.DAL", "{879B6BCE-C4A6-43F8-8F86-983A7FAFE592}"
EndProject
Project("{2150E333-8FDC-42A3-9474-1A3956D46DE8}") = "ForumCustom.BLL", "ForumCustom.BLL", "{6CD72760-B744-4F84-8B4C-70C035C67453}"
EndProject
Project("{2150E333-8FDC-42A3-9474-1A3956D46DE8}") = "ForumCustom.WEB", "ForumCustom.WEB", "{240CE1A6-35AB-4947-948D-27B3F697A8F0}"
EndProject
Project("{9A19103F-16F7-4668-BE54-9A1E7A4F7556}") = "ForumCustom.DAL", "ForumCustom.DAL\ForumCustom.DAL\ForumCustom.DAL.csproj", "{03CB1729-30D2-4378-9776-40AD97772238}"
EndProject
Project("{9A19103F-16F7-4668-BE54-9A1E7A4F7556}") = "ForumCustom.DAL.Contract", "ForumCustom.DAL\ForumCustom.DAL.Contract\ForumCustom.DAL.Contract.csproj", "{E19787D9-8EBD-4937-AF35-15494B87FD9F}"
EndProject
Project("{9A19103F-16F7-4668-BE54-9A1E7A4F7556}") = "ForumCustom.DAL.Entities", "ForumCustom.DAL\ForumCustom.DAL.Entities\ForumCustom.DAL.Entities.csproj", "{6F12BFC1-E1CE-4C98-8106-F7A207F0CF22}"
EndProject
Project("{9A19103F-16F7-4668-BE54-9A1E7A4F7556}") = "ForumCustom.BLL", "ForumCustom.BLL\ForumCustom.BLL\ForumCustom.BLL.csproj", "{F6D239BC-270E-47D1-B77A-1D3C335DD236}"
EndProject
Project("{9A19103F-16F7-4668-BE54-9A1E7A4F7556}") = "ForumCustom.BLL.Contract", "ForumCustom.BLL\ForumCustom.BLL.Contract\ForumCustom.BLL.Contract.csproj", "{98C5F862-88C4-4619-BDD4-D0C21C35C1FB}"
EndProject
Project("{9A19103F-16F7-4668-BE54-9A1E7A4F7556}") = "ForumCustom.BLL.DTO", "ForumCustom.BLL\ForumCustom.BLL.DTO\ForumCustom.BLL.DTO.csproj", "{BEFF0621-2521-43D2-BE9E-174D8F188855}"
EndProject
Project("{9A19103F-16F7-4668-BE54-9A1E7A4F7556}") = "ForumCustom.WEB", "ForumCustom.WEB\ForumCustom.WEB\ForumCustom.WEB.csproj", "{7399E739-0B3A-46E1-B081-656E9A747844}"
EndProject
Project("{9A19103F-16F7-4668-BE54-9A1E7A4F7556}") = "ForumCustom.WEB.Domain", "ForumCustom.WEB\ForumCustom.WEB.Domain\ForumCustom.WEB.Domain.csproj", "{6FFCB9AF-B946-4D67-8970-42D30D96D27C}"
EndProject
Project("{9A19103F-16F7-4668-BE54-9A1E7A4F7556}") = "ForumCustom.React.WEB", "ForumCustom.WEB\ForumCustom.React.WEB\ForumCustom.React.WEB.csproj", "{02BBF859-A34E-4BC2-A60A-43CB7941ACE2}"
EndProject
Project("{FAE04EC0-301F-11D3-BF4B-00C04F79EFBC}") = "Forum.Test", "ForumCustom.WEB\Forum.Test\Forum.Test.csproj", "{1DC58F5C-F3BC-4970-A1C5-CDC34B77B588}"
EndProject
Global
	GlobalSection(SolutionConfigurationPlatforms) = preSolution
		Debug|Any CPU = Debug|Any CPU
		Release|Any CPU = Release|Any CPU
	EndGlobalSection
	GlobalSection(ProjectConfigurationPlatforms) = postSolution
		{03CB1729-30D2-4378-9776-40AD97772238}.Debug|Any CPU.ActiveCfg = Debug|Any CPU
		{03CB1729-30D2-4378-9776-40AD97772238}.Debug|Any CPU.Build.0 = Debug|Any CPU
		{03CB1729-30D2-4378-9776-40AD97772238}.Release|Any CPU.ActiveCfg = Release|Any CPU
		{03CB1729-30D2-4378-9776-40AD97772238}.Release|Any CPU.Build.0 = Release|Any CPU
		{E19787D9-8EBD-4937-AF35-15494B87FD9F}.Debug|Any CPU.ActiveCfg = Debug|Any CPU
		{E19787D9-8EBD-4937-AF35-15494B87FD9F}.Debug|Any CPU.Build.0 = Debug|Any CPU
		{E19787D9-8EBD-4937-AF35-15494B87FD9F}.Release|Any CPU.ActiveCfg = Release|Any CPU
		{E19787D9-8EBD-4937-AF35-15494B87FD9F}.Release|Any CPU.Build.0 = Release|Any CPU
		{6F12BFC1-E1CE-4C98-8106-F7A207F0CF22}.Debug|Any CPU.ActiveCfg = Debug|Any CPU
		{6F12BFC1-E1CE-4C98-8106-F7A207F0CF22}.Debug|Any CPU.Build.0 = Debug|Any CPU
		{6F12BFC1-E1CE-4C98-8106-F7A207F0CF22}.Release|Any CPU.ActiveCfg = Release|Any CPU
		{6F12BFC1-E1CE-4C98-8106-F7A207F0CF22}.Release|Any CPU.Build.0 = Release|Any CPU
		{F6D239BC-270E-47D1-B77A-1D3C335DD236}.Debug|Any CPU.ActiveCfg = Debug|Any CPU
		{F6D239BC-270E-47D1-B77A-1D3C335DD236}.Debug|Any CPU.Build.0 = Debug|Any CPU
		{F6D239BC-270E-47D1-B77A-1D3C335DD236}.Release|Any CPU.ActiveCfg = Release|Any CPU
		{F6D239BC-270E-47D1-B77A-1D3C335DD236}.Release|Any CPU.Build.0 = Release|Any CPU
		{98C5F862-88C4-4619-BDD4-D0C21C35C1FB}.Debug|Any CPU.ActiveCfg = Debug|Any CPU
		{98C5F862-88C4-4619-BDD4-D0C21C35C1FB}.Debug|Any CPU.Build.0 = Debug|Any CPU
		{98C5F862-88C4-4619-BDD4-D0C21C35C1FB}.Release|Any CPU.ActiveCfg = Release|Any CPU
		{98C5F862-88C4-4619-BDD4-D0C21C35C1FB}.Release|Any CPU.Build.0 = Release|Any CPU
		{BEFF0621-2521-43D2-BE9E-174D8F188855}.Debug|Any CPU.ActiveCfg = Debug|Any CPU
		{BEFF0621-2521-43D2-BE9E-174D8F188855}.Debug|Any CPU.Build.0 = Debug|Any CPU
		{BEFF0621-2521-43D2-BE9E-174D8F188855}.Release|Any CPU.ActiveCfg = Release|Any CPU
		{BEFF0621-2521-43D2-BE9E-174D8F188855}.Release|Any CPU.Build.0 = Release|Any CPU
		{7399E739-0B3A-46E1-B081-656E9A747844}.Debug|Any CPU.ActiveCfg = Debug|Any CPU
		{7399E739-0B3A-46E1-B081-656E9A747844}.Debug|Any CPU.Build.0 = Debug|Any CPU
		{7399E739-0B3A-46E1-B081-656E9A747844}.Release|Any CPU.ActiveCfg = Release|Any CPU
		{7399E739-0B3A-46E1-B081-656E9A747844}.Release|Any CPU.Build.0 = Release|Any CPU
		{6FFCB9AF-B946-4D67-8970-42D30D96D27C}.Debug|Any CPU.ActiveCfg = Debug|Any CPU
		{6FFCB9AF-B946-4D67-8970-42D30D96D27C}.Debug|Any CPU.Build.0 = Debug|Any CPU
		{6FFCB9AF-B946-4D67-8970-42D30D96D27C}.Release|Any CPU.ActiveCfg = Release|Any CPU
		{6FFCB9AF-B946-4D67-8970-42D30D96D27C}.Release|Any CPU.Build.0 = Release|Any CPU
		{02BBF859-A34E-4BC2-A60A-43CB7941ACE2}.Debug|Any CPU.ActiveCfg = Debug|Any CPU
		{02BBF859-A34E-4BC2-A60A-43CB7941ACE2}.Debug|Any CPU.Build.0 = Debug|Any CPU
		{02BBF859-A34E-4BC2-A60A-43CB7941ACE2}.Release|Any CPU.ActiveCfg = Release|Any CPU
		{02BBF859-A34E-4BC2-A60A-43CB7941ACE2}.Release|Any CPU.Build.0 = Release|Any CPU
		{1DC58F5C-F3BC-4970-A1C5-CDC34B77B588}.Debug|Any CPU.ActiveCfg = Debug|Any CPU
		{1DC58F5C-F3BC-4970-A1C5-CDC34B77B588}.Debug|Any CPU.Build.0 = Debug|Any CPU
		{1DC58F5C-F3BC-4970-A1C5-CDC34B77B588}.Release|Any CPU.ActiveCfg = Release|Any CPU
		{1DC58F5C-F3BC-4970-A1C5-CDC34B77B588}.Release|Any CPU.Build.0 = Release|Any CPU
	EndGlobalSection
	GlobalSection(SolutionProperties) = preSolution
		HideSolutionNode = FALSE
	EndGlobalSection
	GlobalSection(NestedProjects) = preSolution
		{03CB1729-30D2-4378-9776-40AD97772238} = {879B6BCE-C4A6-43F8-8F86-983A7FAFE592}
		{E19787D9-8EBD-4937-AF35-15494B87FD9F} = {879B6BCE-C4A6-43F8-8F86-983A7FAFE592}
		{6F12BFC1-E1CE-4C98-8106-F7A207F0CF22} = {879B6BCE-C4A6-43F8-8F86-983A7FAFE592}
		{F6D239BC-270E-47D1-B77A-1D3C335DD236} = {6CD72760-B744-4F84-8B4C-70C035C67453}
		{98C5F862-88C4-4619-BDD4-D0C21C35C1FB} = {6CD72760-B744-4F84-8B4C-70C035C67453}
		{BEFF0621-2521-43D2-BE9E-174D8F188855} = {6CD72760-B744-4F84-8B4C-70C035C67453}
		{7399E739-0B3A-46E1-B081-656E9A747844} = {240CE1A6-35AB-4947-948D-27B3F697A8F0}
		{6FFCB9AF-B946-4D67-8970-42D30D96D27C} = {240CE1A6-35AB-4947-948D-27B3F697A8F0}
		{02BBF859-A34E-4BC2-A60A-43CB7941ACE2} = {240CE1A6-35AB-4947-948D-27B3F697A8F0}
		{1DC58F5C-F3BC-4970-A1C5-CDC34B77B588} = {240CE1A6-35AB-4947-948D-27B3F697A8F0}
	EndGlobalSection
	GlobalSection(ExtensibilityGlobals) = postSolution
		SolutionGuid = {26B7B899-B2FA-481D-A8CF-B69DEA0721B1}
	EndGlobalSection
EndGlobal
